// !$*UTF8*$!
{
	archiveVersion = 1;
	classes = {
	};
	objectVersion = 50;
	objects = {

/* Begin PBXBuildFile section */
		521D657F24384A5A00DFBCEB /* AppDelegate.swift in Sources */ = {isa = PBXBuildFile; fileRef = 521D657E24384A5A00DFBCEB /* AppDelegate.swift */; };
		521D658124384A5A00DFBCEB /* ViewController.swift in Sources */ = {isa = PBXBuildFile; fileRef = 521D658024384A5A00DFBCEB /* ViewController.swift */; };
		521D658324384A5F00DFBCEB /* Assets.xcassets in Resources */ = {isa = PBXBuildFile; fileRef = 521D658224384A5F00DFBCEB /* Assets.xcassets */; };
		521D658624384A5F00DFBCEB /* Main.storyboard in Resources */ = {isa = PBXBuildFile; fileRef = 521D658424384A5F00DFBCEB /* Main.storyboard */; };
		521D65912438608200DFBCEB /* CloudKit.framework in Frameworks */ = {isa = PBXBuildFile; fileRef = 521D65902438608200DFBCEB /* CloudKit.framework */; };
/* End PBXBuildFile section */

/* Begin PBXFileReference section */
		521D657B24384A5A00DFBCEB /* SyncCodeSnippets.app */ = {isa = PBXFileReference; explicitFileType = wrapper.application; includeInIndex = 0; path = SyncCodeSnippets.app; sourceTree = BUILT_PRODUCTS_DIR; };
		521D657E24384A5A00DFBCEB /* AppDelegate.swift */ = {isa = PBXFileReference; lastKnownFileType = sourcecode.swift; path = AppDelegate.swift; sourceTree = "<group>"; };
		521D658024384A5A00DFBCEB /* ViewController.swift */ = {isa = PBXFileReference; lastKnownFileType = sourcecode.swift; path = ViewController.swift; sourceTree = "<group>"; };
		521D658224384A5F00DFBCEB /* Assets.xcassets */ = {isa = PBXFileReference; lastKnownFileType = folder.assetcatalog; path = Assets.xcassets; sourceTree = "<group>"; };
		521D658524384A5F00DFBCEB /* Base */ = {isa = PBXFileReference; lastKnownFileType = file.storyboard; name = Base; path = Base.lproj/Main.storyboard; sourceTree = "<group>"; };
		521D658724384A5F00DFBCEB /* Info.plist */ = {isa = PBXFileReference; lastKnownFileType = text.plist.xml; path = Info.plist; sourceTree = "<group>"; };
		521D658824384A5F00DFBCEB /* SyncCodeSnippets.entitlements */ = {isa = PBXFileReference; lastKnownFileType = text.plist.entitlements; path = SyncCodeSnippets.entitlements; sourceTree = "<group>"; };
		521D65902438608200DFBCEB /* CloudKit.framework */ = {isa = PBXFileReference; lastKnownFileType = wrapper.framework; name = CloudKit.framework; path = System/Library/Frameworks/CloudKit.framework; sourceTree = SDKROOT; };
/* End PBXFileReference section */

/* Begin PBXFrameworksBuildPhase section */
		521D657824384A5A00DFBCEB /* Frameworks */ = {
			isa = PBXFrameworksBuildPhase;
			buildActionMask = 2147483647;
			files = (
				521D65912438608200DFBCEB /* CloudKit.framework in Frameworks */,
			);
			runOnlyForDeploymentPostprocessing = 0;
		};
/* End PBXFrameworksBuildPhase section */

/* Begin PBXGroup section */
		521D657224384A5A00DFBCEB = {
			isa = PBXGroup;
			children = (
				521D657D24384A5A00DFBCEB /* SyncCodeSnippets */,
				521D657C24384A5A00DFBCEB /* Products */,
				521D658F2438608200DFBCEB /* Frameworks */,
			);
			sourceTree = "<group>";
		};
		521D657C24384A5A00DFBCEB /* Products */ = {
			isa = PBXGroup;
			children = (
				521D657B24384A5A00DFBCEB /* SyncCodeSnippets.app */,
			);
			name = Products;
			sourceTree = "<group>";
		};
		521D657D24384A5A00DFBCEB /* SyncCodeSnippets */ = {
			isa = PBXGroup;
			children = (
				521D657E24384A5A00DFBCEB /* AppDelegate.swift */,
				521D658024384A5A00DFBCEB /* ViewController.swift */,
				521D658224384A5F00DFBCEB /* Assets.xcassets */,
				521D658424384A5F00DFBCEB /* Main.storyboard */,
				521D658724384A5F00DFBCEB /* Info.plist */,
				521D658824384A5F00DFBCEB /* SyncCodeSnippets.entitlements */,
			);
			path = SyncCodeSnippets;
			sourceTree = "<group>";
		};
		521D658F2438608200DFBCEB /* Frameworks */ = {
			isa = PBXGroup;
			children = (
				521D65902438608200DFBCEB /* CloudKit.framework */,
			);
			name = Frameworks;
			sourceTree = "<group>";
		};
/* End PBXGroup section */

/* Begin PBXNativeTarget section */
		521D657A24384A5A00DFBCEB /* SyncCodeSnippets */ = {
			isa = PBXNativeTarget;
			buildConfigurationList = 521D658B24384A5F00DFBCEB /* Build configuration list for PBXNativeTarget "SyncCodeSnippets" */;
			buildPhases = (
				521D657724384A5A00DFBCEB /* Sources */,
				521D657824384A5A00DFBCEB /* Frameworks */,
				521D657924384A5A00DFBCEB /* Resources */,
			);
			buildRules = (
			);
			dependencies = (
			);
			name = SyncCodeSnippets;
			productName = SyncCodeSnippets;
			productReference = 521D657B24384A5A00DFBCEB /* SyncCodeSnippets.app */;
			productType = "com.apple.product-type.application";
		};
/* End PBXNativeTarget section */

/* Begin PBXProject section */
		521D657324384A5A00DFBCEB /* Project object */ = {
			isa = PBXProject;
			attributes = {
				LastSwiftUpdateCheck = 1120;
				LastUpgradeCheck = 1120;
				ORGANIZATIONNAME = "macbook pro";
				TargetAttributes = {
					521D657A24384A5A00DFBCEB = {
						CreatedOnToolsVersion = 11.2.1;
					};
				};
			};
			buildConfigurationList = 521D657624384A5A00DFBCEB /* Build configuration list for PBXProject "SyncCodeSnippets" */;
			compatibilityVersion = "Xcode 9.3";
			developmentRegion = en;
			hasScannedForEncodings = 0;
			knownRegions = (
				en,
				Base,
			);
			mainGroup = 521D657224384A5A00DFBCEB;
			productRefGroup = 521D657C24384A5A00DFBCEB /* Products */;
			projectDirPath = "";
			projectRoot = "";
			targets = (
				521D657A24384A5A00DFBCEB /* SyncCodeSnippets */,
			);
		};
/* End PBXProject section */

/* Begin PBXResourcesBuildPhase section */
		521D657924384A5A00DFBCEB /* Resources */ = {
			isa = PBXResourcesBuildPhase;
			buildActionMask = 2147483647;
			files = (
				521D658324384A5F00DFBCEB /* Assets.xcassets in Resources */,
				521D658624384A5F00DFBCEB /* Main.storyboard in Resources */,
			);
			runOnlyForDeploymentPostprocessing = 0;
		};
/* End PBXResourcesBuildPhase section */

/* Begin PBXSourcesBuildPhase section */
		521D657724384A5A00DFBCEB /* Sources */ = {
			isa = PBXSourcesBuildPhase;
			buildActionMask = 2147483647;
			files = (
				521D658124384A5A00DFBCEB /* ViewController.swift in Sources */,
				521D657F24384A5A00DFBCEB /* AppDelegate.swift in Sources */,
			);
			runOnlyForDeploymentPostprocessing = 0;
		};
/* End PBXSourcesBuildPhase section */

/* Begin PBXVariantGroup section */
		521D658424384A5F00DFBCEB /* Main.storyboard */ = {
			isa = PBXVariantGroup;
			children = (
				521D658524384A5F00DFBCEB /* Base */,
			);
			name = Main.storyboard;
			sourceTree = "<group>";
		};
/* End PBXVariantGroup section */

/* Begin XCBuildConfiguration section */
		521D658924384A5F00DFBCEB /* Debug */ = {
			isa = XCBuildConfiguration;
			buildSettings = {
				ALWAYS_SEARCH_USER_PATHS = NO;
				CLANG_ANALYZER_NONNULL = YES;
				CLANG_ANALYZER_NUMBER_OBJECT_CONVERSION = YES_AGGRESSIVE;
				CLANG_CXX_LANGUAGE_STANDARD = "gnu++14";
				CLANG_CXX_LIBRARY = "libc++";
				CLANG_ENABLE_MODULES = YES;
				CLANG_ENABLE_OBJC_ARC = YES;
				CLANG_ENABLE_OBJC_WEAK = YES;
				CLANG_WARN_BLOCK_CAPTURE_AUTORELEASING = YES;
				CLANG_WARN_BOOL_CONVERSION = YES;
				CLANG_WARN_COMMA = YES;
				CLANG_WARN_CONSTANT_CONVERSION = YES;
				CLANG_WARN_DEPRECATED_OBJC_IMPLEMENTATIONS = YES;
				CLANG_WARN_DIRECT_OBJC_ISA_USAGE = YES_ERROR;
				CLANG_WARN_DOCUMENTATION_COMMENTS = YES;
				CLANG_WARN_EMPTY_BODY = YES;
				CLANG_WARN_ENUM_CONVERSION = YES;
				CLANG_WARN_INFINITE_RECURSION = YES;
				CLANG_WARN_INT_CONVERSION = YES;
				CLANG_WARN_NON_LITERAL_NULL_CONVERSION = YES;
				CLANG_WARN_OBJC_IMPLICIT_RETAIN_SELF = YES;
				CLANG_WARN_OBJC_LITERAL_CONVERSION = YES;
				CLANG_WARN_OBJC_ROOT_CLASS = YES_ERROR;
				CLANG_WARN_RANGE_LOOP_ANALYSIS = YES;
				CLANG_WARN_STRICT_PROTOTYPES = YES;
				CLANG_WARN_SUSPICIOUS_MOVE = YES;
				CLANG_WARN_UNGUARDED_AVAILABILITY = YES_AGGRESSIVE;
				CLANG_WARN_UNREACHABLE_CODE = YES;
				CLANG_WARN__DUPLICATE_METHOD_MATCH = YES;
				COPY_PHASE_STRIP = NO;
				DEBUG_INFORMATION_FORMAT = dwarf;
				ENABLE_STRICT_OBJC_MSGSEND = YES;
				ENABLE_TESTABILITY = YES;
				GCC_C_LANGUAGE_STANDARD = gnu11;
				GCC_DYNAMIC_NO_PIC = NO;
				GCC_NO_COMMON_BLOCKS = YES;
				GCC_OPTIMIZATION_LEVEL = 0;
				GCC_PREPROCESSOR_DEFINITIONS = (
					"DEBUG=1",
					"$(inherited)",
				);
				GCC_WARN_64_TO_32_BIT_CONVERSION = YES;
				GCC_WARN_ABOUT_RETURN_TYPE = YES_ERROR;
				GCC_WARN_UNDECLARED_SELECTOR = YES;
				GCC_WARN_UNINITIALIZED_AUTOS = YES_AGGRESSIVE;
				GCC_WARN_UNUSED_FUNCTION = YES;
				GCC_WARN_UNUSED_VARIABLE = YES;
				MACOSX_DEPLOYMENT_TARGET = 10.15;
				MTL_ENABLE_DEBUG_INFO = INCLUDE_SOURCE;
				MTL_FAST_MATH = YES;
				ONLY_ACTIVE_ARCH = YES;
				SDKROOT = macosx;
				SWIFT_ACTIVE_COMPILATION_CONDITIONS = DEBUG;
				SWIFT_OPTIMIZATION_LEVEL = "-Onone";
			};
			name = Debug;
		};
		521D658A24384A5F00DFBCEB /* Release */ = {
			isa = XCBuildConfiguration;
			buildSettings = {
				ALWAYS_SEARCH_USER_PATHS = NO;
				CLANG_ANALYZER_NONNULL = YES;
				CLANG_ANALYZER_NUMBER_OBJECT_CONVERSION = YES_AGGRESSIVE;
				CLANG_CXX_LANGUAGE_STANDARD = "gnu++14";
				CLANG_CXX_LIBRARY = "libc++";
				CLANG_ENABLE_MODULES = YES;
				CLANG_ENABLE_OBJC_ARC = YES;
				CLANG_ENABLE_OBJC_WEAK = YES;
				CLANG_WARN_BLOCK_CAPTURE_AUTORELEASING = YES;
				CLANG_WARN_BOOL_CONVERSION = YES;
				CLANG_WARN_COMMA = YES;
				CLANG_WARN_CONSTANT_CONVERSION = YES;
				CLANG_WARN_DEPRECATED_OBJC_IMPLEMENTATIONS = YES;
				CLANG_WARN_DIRECT_OBJC_ISA_USAGE = YES_ERROR;
				CLANG_WARN_DOCUMENTATION_COMMENTS = YES;
				CLANG_WARN_EMPTY_BODY = YES;
				CLANG_WARN_ENUM_CONVERSION = YES;
				CLANG_WARN_INFINITE_RECURSION = YES;
				CLANG_WARN_INT_CONVERSION = YES;
				CLANG_WARN_NON_LITERAL_NULL_CONVERSION = YES;
				CLANG_WARN_OBJC_IMPLICIT_RETAIN_SELF = YES;
				CLANG_WARN_OBJC_LITERAL_CONVERSION = YES;
				CLANG_WARN_OBJC_ROOT_CLASS = YES_ERROR;
				CLANG_WARN_RANGE_LOOP_ANALYSIS = YES;
				CLANG_WARN_STRICT_PROTOTYPES = YES;
				CLANG_WARN_SUSPICIOUS_MOVE = YES;
				CLANG_WARN_UNGUARDED_AVAILABILITY = YES_AGGRESSIVE;
				CLANG_WARN_UNREACHABLE_CODE = YES;
				CLANG_WARN__DUPLICATE_METHOD_MATCH = YES;
				COPY_PHASE_STRIP = NO;
				DEBUG_INFORMATION_FORMAT = "dwarf-with-dsym";
				ENABLE_NS_ASSERTIONS = NO;
				ENABLE_STRICT_OBJC_MSGSEND = YES;
				GCC_C_LANGUAGE_STANDARD = gnu11;
				GCC_NO_COMMON_BLOCKS = YES;
				GCC_WARN_64_TO_32_BIT_CONVERSION = YES;
				GCC_WARN_ABOUT_RETURN_TYPE = YES_ERROR;
				GCC_WARN_UNDECLARED_SELECTOR = YES;
				GCC_WARN_UNINITIALIZED_AUTOS = YES_AGGRESSIVE;
				GCC_WARN_UNUSED_FUNCTION = YES;
				GCC_WARN_UNUSED_VARIABLE = YES;
				MACOSX_DEPLOYMENT_TARGET = 10.15;
				MTL_ENABLE_DEBUG_INFO = NO;
				MTL_FAST_MATH = YES;
				SDKROOT = macosx;
				SWIFT_COMPILATION_MODE = wholemodule;
				SWIFT_OPTIMIZATION_LEVEL = "-O";
			};
			name = Release;
		};
		521D658C24384A5F00DFBCEB /* Debug */ = {
			isa = XCBuildConfiguration;
			buildSettings = {
				ASSETCATALOG_COMPILER_APPICON_NAME = AppIcon;
				CODE_SIGN_ENTITLEMENTS = SyncCodeSnippets/SyncCodeSnippets.entitlements;
				CODE_SIGN_STYLE = Automatic;
				COMBINE_HIDPI_IMAGES = YES;
				DEVELOPMENT_TEAM = E6K5C633N4;
				ENABLE_HARDENED_RUNTIME = YES;
				INFOPLIST_FILE = SyncCodeSnippets/Info.plist;
				LD_RUNPATH_SEARCH_PATHS = (
					"$(inherited)",
					"@executable_path/../Frameworks",
				);
				PRODUCT_BUNDLE_IDENTIFIER = com.yanqing.SyncCodeSnippets;
				PRODUCT_NAME = "$(TARGET_NAME)";
				SWIFT_VERSION = 5.0;
			};
			name = Debug;
		};
		521D658D24384A5F00DFBCEB /* Release */ = {
			isa = XCBuildConfiguration;
			buildSettings = {
				ASSETCATALOG_COMPILER_APPICON_NAME = AppIcon;
				CODE_SIGN_ENTITLEMENTS = SyncCodeSnippets/SyncCodeSnippetsRelease.entitlements;
				CODE_SIGN_IDENTITY = "-";
				CODE_SIGN_STYLE = Automatic;
				COMBINE_HIDPI_IMAGES = YES;
				DEVELOPMENT_TEAM = WV5UP98J28;
				ENABLE_HARDENED_RUNTIME = YES;
				INFOPLIST_FILE = SyncCodeSnippets/Info.plist;
				LD_RUNPATH_SEARCH_PATHS = (
					"$(inherited)",
					"@executable_path/../Frameworks",
				);
				PRODUCT_BUNDLE_IDENTIFIER = com.yanqing.SyncCodeSnippets;
				PRODUCT_NAME = "$(TARGET_NAME)";
				PROVISIONING_PROFILE_SPECIFIER = "";
				SWIFT_VERSION = 5.0;
			};
			name = Release;
		};
/* End XCBuildConfiguration section */

/* Begin XCConfigurationList section */
		521D657624384A5A00DFBCEB /* Build configuration list for PBXProject "SyncCodeSnippets" */ = {
			isa = XCConfigurationList;
			buildConfigurations = (
				521D658924384A5F00DFBCEB /* Debug */,
				521D658A24384A5F00DFBCEB /* Release */,
			);
			defaultConfigurationIsVisible = 0;
			defaultConfigurationName = Release;
		};
		521D658B24384A5F00DFBCEB /* Build configuration list for PBXNativeTarget "SyncCodeSnippets" */ = {
			isa = XCConfigurationList;
			buildConfigurations = (
				521D658C24384A5F00DFBCEB /* Debug */,
				521D658D24384A5F00DFBCEB /* Release */,
			);
			defaultConfigurationIsVisible = 0;
			defaultConfigurationName = Release;
		};
/* End XCConfigurationList section */
	};
	rootObject = 521D657324384A5A00DFBCEB /* Project object */;
}
