// !$*UTF8*$!
{
	archiveVersion = 1;
	classes = {
	};
	objectVersion = 50;
	objects = {

/* Begin PBXBuildFile section */
		1F53FE2F2237B8340059675F /* AppDelegate.swift in Sources */ = {isa = PBXBuildFile; fileRef = 1F53FE2E2237B8340059675F /* AppDelegate.swift */; };
		1F53FE312237B8340059675F /* ViewController.swift in Sources */ = {isa = PBXBuildFile; fileRef = 1F53FE302237B8340059675F /* ViewController.swift */; };
		1F53FE332237B8350059675F /* Assets.xcassets in Resources */ = {isa = PBXBuildFile; fileRef = 1F53FE322237B8350059675F /* Assets.xcassets */; };
		1F53FE362237B8350059675F /* Main.storyboard in Resources */ = {isa = PBXBuildFile; fileRef = 1F53FE342237B8350059675F /* Main.storyboard */; };
		1F53FE422237B8360059675F /* PropertyListExampleTests.swift in Sources */ = {isa = PBXBuildFile; fileRef = 1F53FE412237B8360059675F /* PropertyListExampleTests.swift */; };
		1F53FE4D2237B8360059675F /* PropertyListExampleUITests.swift in Sources */ = {isa = PBXBuildFile; fileRef = 1F53FE4C2237B8360059675F /* PropertyListExampleUITests.swift */; };
		1F53FE5B2237B8540059675F /* Data.plist in Resources */ = {isa = PBXBuildFile; fileRef = 1F53FE5A2237B8540059675F /* Data.plist */; };
		1F53FE5D2237B8E30059675F /* Controller.swift in Sources */ = {isa = PBXBuildFile; fileRef = 1F53FE5C2237B8E30059675F /* Controller.swift */; };
/* End PBXBuildFile section */

/* Begin PBXContainerItemProxy section */
		1F53FE3E2237B8360059675F /* PBXContainerItemProxy */ = {
			isa = PBXContainerItemProxy;
			containerPortal = 1F53FE232237B8340059675F /* Project object */;
			proxyType = 1;
			remoteGlobalIDString = 1F53FE2A2237B8340059675F;
			remoteInfo = PropertyListExample;
		};
		1F53FE492237B8360059675F /* PBXContainerItemProxy */ = {
			isa = PBXContainerItemProxy;
			containerPortal = 1F53FE232237B8340059675F /* Project object */;
			proxyType = 1;
			remoteGlobalIDString = 1F53FE2A2237B8340059675F;
			remoteInfo = PropertyListExample;
		};
/* End PBXContainerItemProxy section */

/* Begin PBXFileReference section */
		1F53FE2B2237B8340059675F /* PropertyListExample.app */ = {isa = PBXFileReference; explicitFileType = wrapper.application; includeInIndex = 0; path = PropertyListExample.app; sourceTree = BUILT_PRODUCTS_DIR; };
		1F53FE2E2237B8340059675F /* AppDelegate.swift */ = {isa = PBXFileReference; lastKnownFileType = sourcecode.swift; path = AppDelegate.swift; sourceTree = "<group>"; };
		1F53FE302237B8340059675F /* ViewController.swift */ = {isa = PBXFileReference; lastKnownFileType = sourcecode.swift; path = ViewController.swift; sourceTree = "<group>"; };
		1F53FE322237B8350059675F /* Assets.xcassets */ = {isa = PBXFileReference; lastKnownFileType = folder.assetcatalog; path = Assets.xcassets; sourceTree = "<group>"; };
		1F53FE352237B8350059675F /* Base */ = {isa = PBXFileReference; lastKnownFileType = file.storyboard; name = Base; path = Base.lproj/Main.storyboard; sourceTree = "<group>"; };
		1F53FE372237B8350059675F /* Info.plist */ = {isa = PBXFileReference; lastKnownFileType = text.plist.xml; path = Info.plist; sourceTree = "<group>"; };
		1F53FE382237B8350059675F /* PropertyListExample.entitlements */ = {isa = PBXFileReference; lastKnownFileType = text.plist.entitlements; path = PropertyListExample.entitlements; sourceTree = "<group>"; };
		1F53FE3D2237B8360059675F /* PropertyListExampleTests.xctest */ = {isa = PBXFileReference; explicitFileType = wrapper.cfbundle; includeInIndex = 0; path = PropertyListExampleTests.xctest; sourceTree = BUILT_PRODUCTS_DIR; };
		1F53FE412237B8360059675F /* PropertyListExampleTests.swift */ = {isa = PBXFileReference; lastKnownFileType = sourcecode.swift; path = PropertyListExampleTests.swift; sourceTree = "<group>"; };
		1F53FE432237B8360059675F /* Info.plist */ = {isa = PBXFileReference; lastKnownFileType = text.plist.xml; path = Info.plist; sourceTree = "<group>"; };
		1F53FE482237B8360059675F /* PropertyListExampleUITests.xctest */ = {isa = PBXFileReference; explicitFileType = wrapper.cfbundle; includeInIndex = 0; path = PropertyListExampleUITests.xctest; sourceTree = BUILT_PRODUCTS_DIR; };
		1F53FE4C2237B8360059675F /* PropertyListExampleUITests.swift */ = {isa = PBXFileReference; lastKnownFileType = sourcecode.swift; path = PropertyListExampleUITests.swift; sourceTree = "<group>"; };
		1F53FE4E2237B8360059675F /* Info.plist */ = {isa = PBXFileReference; lastKnownFileType = text.plist.xml; path = Info.plist; sourceTree = "<group>"; };
		1F53FE5A2237B8540059675F /* Data.plist */ = {isa = PBXFileReference; lastKnownFileType = text.plist.xml; path = Data.plist; sourceTree = "<group>"; };
		1F53FE5C2237B8E30059675F /* Controller.swift */ = {isa = PBXFileReference; lastKnownFileType = sourcecode.swift; path = Controller.swift; sourceTree = "<group>"; };
/* End PBXFileReference section */

/* Begin PBXFrameworksBuildPhase section */
		1F53FE282237B8340059675F /* Frameworks */ = {
			isa = PBXFrameworksBuildPhase;
			buildActionMask = 2147483647;
			files = (
			);
			runOnlyForDeploymentPostprocessing = 0;
		};
		1F53FE3A2237B8360059675F /* Frameworks */ = {
			isa = PBXFrameworksBuildPhase;
			buildActionMask = 2147483647;
			files = (
			);
			runOnlyForDeploymentPostprocessing = 0;
		};
		1F53FE452237B8360059675F /* Frameworks */ = {
			isa = PBXFrameworksBuildPhase;
			buildActionMask = 2147483647;
			files = (
			);
			runOnlyForDeploymentPostprocessing = 0;
		};
/* End PBXFrameworksBuildPhase section */

/* Begin PBXGroup section */
		1F53FE222237B8340059675F = {
			isa = PBXGroup;
			children = (
				1F53FE2D2237B8340059675F /* PropertyListExample */,
				1F53FE402237B8360059675F /* PropertyListExampleTests */,
				1F53FE4B2237B8360059675F /* PropertyListExampleUITests */,
				1F53FE2C2237B8340059675F /* Products */,
			);
			sourceTree = "<group>";
		};
		1F53FE2C2237B8340059675F /* Products */ = {
			isa = PBXGroup;
			children = (
				1F53FE2B2237B8340059675F /* PropertyListExample.app */,
				1F53FE3D2237B8360059675F /* PropertyListExampleTests.xctest */,
				1F53FE482237B8360059675F /* PropertyListExampleUITests.xctest */,
			);
			name = Products;
			sourceTree = "<group>";
		};
		1F53FE2D2237B8340059675F /* PropertyListExample */ = {
			isa = PBXGroup;
			children = (
				1F53FE2E2237B8340059675F /* AppDelegate.swift */,
				1F53FE302237B8340059675F /* ViewController.swift */,
				1F53FE5A2237B8540059675F /* Data.plist */,
				1F53FE5C2237B8E30059675F /* Controller.swift */,
				1F53FE322237B8350059675F /* Assets.xcassets */,
				1F53FE342237B8350059675F /* Main.storyboard */,
				1F53FE372237B8350059675F /* Info.plist */,
				1F53FE382237B8350059675F /* PropertyListExample.entitlements */,
			);
			path = PropertyListExample;
			sourceTree = "<group>";
		};
		1F53FE402237B8360059675F /* PropertyListExampleTests */ = {
			isa = PBXGroup;
			children = (
				1F53FE412237B8360059675F /* PropertyListExampleTests.swift */,
				1F53FE432237B8360059675F /* Info.plist */,
			);
			path = PropertyListExampleTests;
			sourceTree = "<group>";
		};
		1F53FE4B2237B8360059675F /* PropertyListExampleUITests */ = {
			isa = PBXGroup;
			children = (
				1F53FE4C2237B8360059675F /* PropertyListExampleUITests.swift */,
				1F53FE4E2237B8360059675F /* Info.plist */,
			);
			path = PropertyListExampleUITests;
			sourceTree = "<group>";
		};
/* End PBXGroup section */

/* Begin PBXNativeTarget section */
		1F53FE2A2237B8340059675F /* PropertyListExample */ = {
			isa = PBXNativeTarget;
			buildConfigurationList = 1F53FE512237B8360059675F /* Build configuration list for PBXNativeTarget "PropertyListExample" */;
			buildPhases = (
				1F53FE272237B8340059675F /* Sources */,
				1F53FE282237B8340059675F /* Frameworks */,
				1F53FE292237B8340059675F /* Resources */,
			);
			buildRules = (
			);
			dependencies = (
			);
			name = PropertyListExample;
			productName = PropertyListExample;
			productReference = 1F53FE2B2237B8340059675F /* PropertyListExample.app */;
			productType = "com.apple.product-type.application";
		};
		1F53FE3C2237B8360059675F /* PropertyListExampleTests */ = {
			isa = PBXNativeTarget;
			buildConfigurationList = 1F53FE542237B8360059675F /* Build configuration list for PBXNativeTarget "PropertyListExampleTests" */;
			buildPhases = (
				1F53FE392237B8360059675F /* Sources */,
				1F53FE3A2237B8360059675F /* Frameworks */,
				1F53FE3B2237B8360059675F /* Resources */,
			);
			buildRules = (
			);
			dependencies = (
				1F53FE3F2237B8360059675F /* PBXTargetDependency */,
			);
			name = PropertyListExampleTests;
			productName = PropertyListExampleTests;
			productReference = 1F53FE3D2237B8360059675F /* PropertyListExampleTests.xctest */;
			productType = "com.apple.product-type.bundle.unit-test";
		};
		1F53FE472237B8360059675F /* PropertyListExampleUITests */ = {
			isa = PBXNativeTarget;
			buildConfigurationList = 1F53FE572237B8360059675F /* Build configuration list for PBXNativeTarget "PropertyListExampleUITests" */;
			buildPhases = (
				1F53FE442237B8360059675F /* Sources */,
				1F53FE452237B8360059675F /* Frameworks */,
				1F53FE462237B8360059675F /* Resources */,
			);
			buildRules = (
			);
			dependencies = (
				1F53FE4A2237B8360059675F /* PBXTargetDependency */,
			);
			name = PropertyListExampleUITests;
			productName = PropertyListExampleUITests;
			productReference = 1F53FE482237B8360059675F /* PropertyListExampleUITests.xctest */;
			productType = "com.apple.product-type.bundle.ui-testing";
		};
/* End PBXNativeTarget section */

/* Begin PBXProject section */
		1F53FE232237B8340059675F /* Project object */ = {
			isa = PBXProject;
			attributes = {
				LastSwiftUpdateCheck = 1010;
				LastUpgradeCheck = 1010;
				ORGANIZATIONNAME = xdf_yanqing;
				TargetAttributes = {
					1F53FE2A2237B8340059675F = {
						CreatedOnToolsVersion = 10.1;
					};
					1F53FE3C2237B8360059675F = {
						CreatedOnToolsVersion = 10.1;
						TestTargetID = 1F53FE2A2237B8340059675F;
					};
					1F53FE472237B8360059675F = {
						CreatedOnToolsVersion = 10.1;
						TestTargetID = 1F53FE2A2237B8340059675F;
					};
				};
			};
			buildConfigurationList = 1F53FE262237B8340059675F /* Build configuration list for PBXProject "PropertyListExample" */;
			compatibilityVersion = "Xcode 9.3";
			developmentRegion = en;
			hasScannedForEncodings = 0;
			knownRegions = (
				en,
				Base,
			);
			mainGroup = 1F53FE222237B8340059675F;
			productRefGroup = 1F53FE2C2237B8340059675F /* Products */;
			projectDirPath = "";
			projectRoot = "";
			targets = (
				1F53FE2A2237B8340059675F /* PropertyListExample */,
				1F53FE3C2237B8360059675F /* PropertyListExampleTests */,
				1F53FE472237B8360059675F /* PropertyListExampleUITests */,
			);
		};
/* End PBXProject section */

/* Begin PBXResourcesBuildPhase section */
		1F53FE292237B8340059675F /* Resources */ = {
			isa = PBXResourcesBuildPhase;
			buildActionMask = 2147483647;
			files = (
				1F53FE5B2237B8540059675F /* Data.plist in Resources */,
				1F53FE332237B8350059675F /* Assets.xcassets in Resources */,
				1F53FE362237B8350059675F /* Main.storyboard in Resources */,
			);
			runOnlyForDeploymentPostprocessing = 0;
		};
		1F53FE3B2237B8360059675F /* Resources */ = {
			isa = PBXResourcesBuildPhase;
			buildActionMask = 2147483647;
			files = (
			);
			runOnlyForDeploymentPostprocessing = 0;
		};
		1F53FE462237B8360059675F /* Resources */ = {
			isa = PBXResourcesBuildPhase;
			buildActionMask = 2147483647;
			files = (
			);
			runOnlyForDeploymentPostprocessing = 0;
		};
/* End PBXResourcesBuildPhase section */

/* Begin PBXSourcesBuildPhase section */
		1F53FE272237B8340059675F /* Sources */ = {
			isa = PBXSourcesBuildPhase;
			buildActionMask = 2147483647;
			files = (
				1F53FE5D2237B8E30059675F /* Controller.swift in Sources */,
				1F53FE312237B8340059675F /* ViewController.swift in Sources */,
				1F53FE2F2237B8340059675F /* AppDelegate.swift in Sources */,
			);
			runOnlyForDeploymentPostprocessing = 0;
		};
		1F53FE392237B8360059675F /* Sources */ = {
			isa = PBXSourcesBuildPhase;
			buildActionMask = 2147483647;
			files = (
				1F53FE422237B8360059675F /* PropertyListExampleTests.swift in Sources */,
			);
			runOnlyForDeploymentPostprocessing = 0;
		};
		1F53FE442237B8360059675F /* Sources */ = {
			isa = PBXSourcesBuildPhase;
			buildActionMask = 2147483647;
			files = (
				1F53FE4D2237B8360059675F /* PropertyListExampleUITests.swift in Sources */,
			);
			runOnlyForDeploymentPostprocessing = 0;
		};
/* End PBXSourcesBuildPhase section */

/* Begin PBXTargetDependency section */
		1F53FE3F2237B8360059675F /* PBXTargetDependency */ = {
			isa = PBXTargetDependency;
			target = 1F53FE2A2237B8340059675F /* PropertyListExample */;
			targetProxy = 1F53FE3E2237B8360059675F /* PBXContainerItemProxy */;
		};
		1F53FE4A2237B8360059675F /* PBXTargetDependency */ = {
			isa = PBXTargetDependency;
			target = 1F53FE2A2237B8340059675F /* PropertyListExample */;
			targetProxy = 1F53FE492237B8360059675F /* PBXContainerItemProxy */;
		};
/* End PBXTargetDependency section */

/* Begin PBXVariantGroup section */
		1F53FE342237B8350059675F /* Main.storyboard */ = {
			isa = PBXVariantGroup;
			children = (
				1F53FE352237B8350059675F /* Base */,
			);
			name = Main.storyboard;
			sourceTree = "<group>";
		};
/* End PBXVariantGroup section */

/* Begin XCBuildConfiguration section */
		1F53FE4F2237B8360059675F /* Debug */ = {
			isa = XCBuildConfiguration;
			buildSettings = {
				ALWAYS_SEARCH_USER_PATHS = NO;
				CLANG_ANALYZER_NONNULL = YES;
				CLANG_ANALYZER_NUMBER_OBJECT_CONVERSION = YES_AGGRESSIVE;
				CLANG_CXX_LANGUAGE_STANDARD = "gnu++14";
				CLANG_CXX_LIBRARY = "libc++";
				CLANG_ENABLE_MODULES = YES;
				CLANG_ENABLE_OBJC_ARC = YES;
				CLANG_ENABLE_OBJC_WEAK = YES;
				CLANG_WARN_BLOCK_CAPTURE_AUTORELEASING = YES;
				CLANG_WARN_BOOL_CONVERSION = YES;
				CLANG_WARN_COMMA = YES;
				CLANG_WARN_CONSTANT_CONVERSION = YES;
				CLANG_WARN_DEPRECATED_OBJC_IMPLEMENTATIONS = YES;
				CLANG_WARN_DIRECT_OBJC_ISA_USAGE = YES_ERROR;
				CLANG_WARN_DOCUMENTATION_COMMENTS = YES;
				CLANG_WARN_EMPTY_BODY = YES;
				CLANG_WARN_ENUM_CONVERSION = YES;
				CLANG_WARN_INFINITE_RECURSION = YES;
				CLANG_WARN_INT_CONVERSION = YES;
				CLANG_WARN_NON_LITERAL_NULL_CONVERSION = YES;
				CLANG_WARN_OBJC_IMPLICIT_RETAIN_SELF = YES;
				CLANG_WARN_OBJC_LITERAL_CONVERSION = YES;
				CLANG_WARN_OBJC_ROOT_CLASS = YES_ERROR;
				CLANG_WARN_RANGE_LOOP_ANALYSIS = YES;
				CLANG_WARN_STRICT_PROTOTYPES = YES;
				CLANG_WARN_SUSPICIOUS_MOVE = YES;
				CLANG_WARN_UNGUARDED_AVAILABILITY = YES_AGGRESSIVE;
				CLANG_WARN_UNREACHABLE_CODE = YES;
				CLANG_WARN__DUPLICATE_METHOD_MATCH = YES;
				CODE_SIGN_IDENTITY = "-";
				COPY_PHASE_STRIP = NO;
				DEBUG_INFORMATION_FORMAT = dwarf;
				ENABLE_STRICT_OBJC_MSGSEND = YES;
				ENABLE_TESTABILITY = YES;
				GCC_C_LANGUAGE_STANDARD = gnu11;
				GCC_DYNAMIC_NO_PIC = NO;
				GCC_NO_COMMON_BLOCKS = YES;
				GCC_OPTIMIZATION_LEVEL = 0;
				GCC_PREPROCESSOR_DEFINITIONS = (
					"DEBUG=1",
					"$(inherited)",
				);
				GCC_WARN_64_TO_32_BIT_CONVERSION = YES;
				GCC_WARN_ABOUT_RETURN_TYPE = YES_ERROR;
				GCC_WARN_UNDECLARED_SELECTOR = YES;
				GCC_WARN_UNINITIALIZED_AUTOS = YES_AGGRESSIVE;
				GCC_WARN_UNUSED_FUNCTION = YES;
				GCC_WARN_UNUSED_VARIABLE = YES;
				MACOSX_DEPLOYMENT_TARGET = 10.14;
				MTL_ENABLE_DEBUG_INFO = INCLUDE_SOURCE;
				MTL_FAST_MATH = YES;
				ONLY_ACTIVE_ARCH = YES;
				SDKROOT = macosx;
				SWIFT_ACTIVE_COMPILATION_CONDITIONS = DEBUG;
				SWIFT_OPTIMIZATION_LEVEL = "-Onone";
			};
			name = Debug;
		};
		1F53FE502237B8360059675F /* Release */ = {
			isa = XCBuildConfiguration;
			buildSettings = {
				ALWAYS_SEARCH_USER_PATHS = NO;
				CLANG_ANALYZER_NONNULL = YES;
				CLANG_ANALYZER_NUMBER_OBJECT_CONVERSION = YES_AGGRESSIVE;
				CLANG_CXX_LANGUAGE_STANDARD = "gnu++14";
				CLANG_CXX_LIBRARY = "libc++";
				CLANG_ENABLE_MODULES = YES;
				CLANG_ENABLE_OBJC_ARC = YES;
				CLANG_ENABLE_OBJC_WEAK = YES;
				CLANG_WARN_BLOCK_CAPTURE_AUTORELEASING = YES;
				CLANG_WARN_BOOL_CONVERSION = YES;
				CLANG_WARN_COMMA = YES;
				CLANG_WARN_CONSTANT_CONVERSION = YES;
				CLANG_WARN_DEPRECATED_OBJC_IMPLEMENTATIONS = YES;
				CLANG_WARN_DIRECT_OBJC_ISA_USAGE = YES_ERROR;
				CLANG_WARN_DOCUMENTATION_COMMENTS = YES;
				CLANG_WARN_EMPTY_BODY = YES;
				CLANG_WARN_ENUM_CONVERSION = YES;
				CLANG_WARN_INFINITE_RECURSION = YES;
				CLANG_WARN_INT_CONVERSION = YES;
				CLANG_WARN_NON_LITERAL_NULL_CONVERSION = YES;
				CLANG_WARN_OBJC_IMPLICIT_RETAIN_SELF = YES;
				CLANG_WARN_OBJC_LITERAL_CONVERSION = YES;
				CLANG_WARN_OBJC_ROOT_CLASS = YES_ERROR;
				CLANG_WARN_RANGE_LOOP_ANALYSIS = YES;
				CLANG_WARN_STRICT_PROTOTYPES = YES;
				CLANG_WARN_SUSPICIOUS_MOVE = YES;
				CLANG_WARN_UNGUARDED_AVAILABILITY = YES_AGGRESSIVE;
				CLANG_WARN_UNREACHABLE_CODE = YES;
				CLANG_WARN__DUPLICATE_METHOD_MATCH = YES;
				CODE_SIGN_IDENTITY = "-";
				COPY_PHASE_STRIP = NO;
				DEBUG_INFORMATION_FORMAT = "dwarf-with-dsym";
				ENABLE_NS_ASSERTIONS = NO;
				ENABLE_STRICT_OBJC_MSGSEND = YES;
				GCC_C_LANGUAGE_STANDARD = gnu11;
				GCC_NO_COMMON_BLOCKS = YES;
				GCC_WARN_64_TO_32_BIT_CONVERSION = YES;
				GCC_WARN_ABOUT_RETURN_TYPE = YES_ERROR;
				GCC_WARN_UNDECLARED_SELECTOR = YES;
				GCC_WARN_UNINITIALIZED_AUTOS = YES_AGGRESSIVE;
				GCC_WARN_UNUSED_FUNCTION = YES;
				GCC_WARN_UNUSED_VARIABLE = YES;
				MACOSX_DEPLOYMENT_TARGET = 10.14;
				MTL_ENABLE_DEBUG_INFO = NO;
				MTL_FAST_MATH = YES;
				SDKROOT = macosx;
				SWIFT_COMPILATION_MODE = wholemodule;
				SWIFT_OPTIMIZATION_LEVEL = "-O";
			};
			name = Release;
		};
		1F53FE522237B8360059675F /* Debug */ = {
			isa = XCBuildConfiguration;
			buildSettings = {
				ASSETCATALOG_COMPILER_APPICON_NAME = AppIcon;
				CODE_SIGN_ENTITLEMENTS = PropertyListExample/PropertyListExample.entitlements;
				CODE_SIGN_STYLE = Automatic;
				COMBINE_HIDPI_IMAGES = YES;
				INFOPLIST_FILE = PropertyListExample/Info.plist;
				LD_RUNPATH_SEARCH_PATHS = (
					"$(inherited)",
					"@executable_path/../Frameworks",
				);
				PRODUCT_BUNDLE_IDENTIFIER = xdf.PropertyListExample;
				PRODUCT_NAME = "$(TARGET_NAME)";
				SWIFT_VERSION = 4.2;
			};
			name = Debug;
		};
		1F53FE532237B8360059675F /* Release */ = {
			isa = XCBuildConfiguration;
			buildSettings = {
				ASSETCATALOG_COMPILER_APPICON_NAME = AppIcon;
				CODE_SIGN_ENTITLEMENTS = PropertyListExample/PropertyListExample.entitlements;
				CODE_SIGN_STYLE = Automatic;
				COMBINE_HIDPI_IMAGES = YES;
				INFOPLIST_FILE = PropertyListExample/Info.plist;
				LD_RUNPATH_SEARCH_PATHS = (
					"$(inherited)",
					"@executable_path/../Frameworks",
				);
				PRODUCT_BUNDLE_IDENTIFIER = xdf.PropertyListExample;
				PRODUCT_NAME = "$(TARGET_NAME)";
				SWIFT_VERSION = 4.2;
			};
			name = Release;
		};
		1F53FE552237B8360059675F /* Debug */ = {
			isa = XCBuildConfiguration;
			buildSettings = {
				ALWAYS_EMBED_SWIFT_STANDARD_LIBRARIES = YES;
				BUNDLE_LOADER = "$(TEST_HOST)";
				CODE_SIGN_STYLE = Automatic;
				COMBINE_HIDPI_IMAGES = YES;
				INFOPLIST_FILE = PropertyListExampleTests/Info.plist;
				LD_RUNPATH_SEARCH_PATHS = (
					"$(inherited)",
					"@executable_path/../Frameworks",
					"@loader_path/../Frameworks",
				);
				PRODUCT_BUNDLE_IDENTIFIER = xdf.PropertyListExampleTests;
				PRODUCT_NAME = "$(TARGET_NAME)";
				SWIFT_VERSION = 4.2;
				TEST_HOST = "$(BUILT_PRODUCTS_DIR)/PropertyListExample.app/Contents/MacOS/PropertyListExample";
			};
			name = Debug;
		};
		1F53FE562237B8360059675F /* Release */ = {
			isa = XCBuildConfiguration;
			buildSettings = {
				ALWAYS_EMBED_SWIFT_STANDARD_LIBRARIES = YES;
				BUNDLE_LOADER = "$(TEST_HOST)";
				CODE_SIGN_STYLE = Automatic;
				COMBINE_HIDPI_IMAGES = YES;
				INFOPLIST_FILE = PropertyListExampleTests/Info.plist;
				LD_RUNPATH_SEARCH_PATHS = (
					"$(inherited)",
					"@executable_path/../Frameworks",
					"@loader_path/../Frameworks",
				);
				PRODUCT_BUNDLE_IDENTIFIER = xdf.PropertyListExampleTests;
				PRODUCT_NAME = "$(TARGET_NAME)";
				SWIFT_VERSION = 4.2;
				TEST_HOST = "$(BUILT_PRODUCTS_DIR)/PropertyListExample.app/Contents/MacOS/PropertyListExample";
			};
			name = Release;
		};
		1F53FE582237B8360059675F /* Debug */ = {
			isa = XCBuildConfiguration;
			buildSettings = {
				ALWAYS_EMBED_SWIFT_STANDARD_LIBRARIES = YES;
				CODE_SIGN_STYLE = Automatic;
				COMBINE_HIDPI_IMAGES = YES;
				INFOPLIST_FILE = PropertyListExampleUITests/Info.plist;
				LD_RUNPATH_SEARCH_PATHS = (
					"$(inherited)",
					"@executable_path/../Frameworks",
					"@loader_path/../Frameworks",
				);
				PRODUCT_BUNDLE_IDENTIFIER = xdf.PropertyListExampleUITests;
				PRODUCT_NAME = "$(TARGET_NAME)";
				SWIFT_VERSION = 4.2;
				TEST_TARGET_NAME = PropertyListExample;
			};
			name = Debug;
		};
		1F53FE592237B8360059675F /* Release */ = {
			isa = XCBuildConfiguration;
			buildSettings = {
				ALWAYS_EMBED_SWIFT_STANDARD_LIBRARIES = YES;
				CODE_SIGN_STYLE = Automatic;
				COMBINE_HIDPI_IMAGES = YES;
				INFOPLIST_FILE = PropertyListExampleUITests/Info.plist;
				LD_RUNPATH_SEARCH_PATHS = (
					"$(inherited)",
					"@executable_path/../Frameworks",
					"@loader_path/../Frameworks",
				);
				PRODUCT_BUNDLE_IDENTIFIER = xdf.PropertyListExampleUITests;
				PRODUCT_NAME = "$(TARGET_NAME)";
				SWIFT_VERSION = 4.2;
				TEST_TARGET_NAME = PropertyListExample;
			};
			name = Release;
		};
/* End XCBuildConfiguration section */

/* Begin XCConfigurationList section */
		1F53FE262237B8340059675F /* Build configuration list for PBXProject "PropertyListExample" */ = {
			isa = XCConfigurationList;
			buildConfigurations = (
				1F53FE4F2237B8360059675F /* Debug */,
				1F53FE502237B8360059675F /* Release */,
			);
			defaultConfigurationIsVisible = 0;
			defaultConfigurationName = Release;
		};
		1F53FE512237B8360059675F /* Build configuration list for PBXNativeTarget "PropertyListExample" */ = {
			isa = XCConfigurationList;
			buildConfigurations = (
				1F53FE522237B8360059675F /* Debug */,
				1F53FE532237B8360059675F /* Release */,
			);
			defaultConfigurationIsVisible = 0;
			defaultConfigurationName = Release;
		};
		1F53FE542237B8360059675F /* Build configuration list for PBXNativeTarget "PropertyListExampleTests" */ = {
			isa = XCConfigurationList;
			buildConfigurations = (
				1F53FE552237B8360059675F /* Debug */,
				1F53FE562237B8360059675F /* Release */,
			);
			defaultConfigurationIsVisible = 0;
			defaultConfigurationName = Release;
		};
		1F53FE572237B8360059675F /* Build configuration list for PBXNativeTarget "PropertyListExampleUITests" */ = {
			isa = XCConfigurationList;
			buildConfigurations = (
				1F53FE582237B8360059675F /* Debug */,
				1F53FE592237B8360059675F /* Release */,
			);
			defaultConfigurationIsVisible = 0;
			defaultConfigurationName = Release;
		};
/* End XCConfigurationList section */
	};
	rootObject = 1F53FE232237B8340059675F /* Project object */;
}
